github.com/google/uuid v1.3.0 h1:t6JiXgmwXMjEs8VusXIJk2BXHsn+wx8BZdTaoZ5fu7I=
github.com/google/uuid v1.3.0/go.mod h1:TIyPZe4MgqvfeYDBFedMoGGpEw/LqOeaOT+nhxU+yHo=
github.com/kyberbits/forge v0.0.16 h1:DW8Cj5wdFIB/9YcA+LzkVSEtWlsRdEKaJWkSnxDcMr4=
github.com/kyberbits/forge v0.0.16/go.mod h1:hV7IwthvrEiEkQAbcSWHRwgMWnjRoPOvP0vR3Ms6uss=
