github.com/google/uuid v1.3.0 h1:t6JiXgmwXMjEs8VusXIJk2BXHsn+wx8BZdTaoZ5fu7I=
github.com/google/uuid v1.3.0/go.mod h1:TIyPZe4MgqvfeYDBFedMoGGpEw/LqOeaOT+nhxU+yHo=
github.com/kyberbits/forge v0.0.4 h1:P24KO+OIxd+ufOc1KO8VwPX/n2L06tSZXXqrS8YsusU=
github.com/kyberbits/forge v0.0.4/go.mod h1:hV7IwthvrEiEkQAbcSWHRwgMWnjRoPOvP0vR3Ms6uss=
